
Microsoft Visual Studio Solution File, Format Version 12.00
# Visual Studio 14
VisualStudioVersion = 14.0.25420.1
MinimumVisualStudioVersion = 10.0.40219.1
Project("{FAE04EC0-301F-11D3-BF4B-00C04F79EFBC}") = "DBSP.ODataV4.AirVinyl.DataAccessLayer", "DBSP.ODataV4.AirVinyl.DataAccessLayer\DBSP.ODataV4.AirVinyl.DataAccessLayer.csproj", "{F8B46C2B-6DFA-42AB-8860-96A6457BF85E}"
EndProject
Project("{FAE04EC0-301F-11D3-BF4B-00C04F79EFBC}") = "DBSP.ODataV4.AirVinyl.API", "DBSP.ODataV4.AirVinyl.API\DBSP.ODataV4.AirVinyl.API.csproj", "{C5AFC941-732D-4968-8490-A56F31CFA500}"
EndProject
Project("{FAE04EC0-301F-11D3-BF4B-00C04F79EFBC}") = "DBSP.ODataV4.AirVinyl.Model", "DBSP.ODataV4.AirVinyl.Model\DBSP.ODataV4.AirVinyl.Model.csproj", "{6240810B-FBB6-48C6-984E-A2D5AB1FE967}"
EndProject
Project("{FAE04EC0-301F-11D3-BF4B-00C04F79EFBC}") = "DBSP.ODataV4.AirVinyl.OwinAPI", "DBSP.ODataV4.AirVinyl.OwinAPI\DBSP.ODataV4.AirVinyl.OwinAPI.csproj", "{87CDEBCF-B622-41E0-8F8E-2ACCBE84C960}"
EndProject
Global
	GlobalSection(SolutionConfigurationPlatforms) = preSolution
		Debug|Any CPU = Debug|Any CPU
		Release|Any CPU = Release|Any CPU
	EndGlobalSection
	GlobalSection(ProjectConfigurationPlatforms) = postSolution
		{F8B46C2B-6DFA-42AB-8860-96A6457BF85E}.Debug|Any CPU.ActiveCfg = Debug|Any CPU
		{F8B46C2B-6DFA-42AB-8860-96A6457BF85E}.Debug|Any CPU.Build.0 = Debug|Any CPU
		{F8B46C2B-6DFA-42AB-8860-96A6457BF85E}.Release|Any CPU.ActiveCfg = Release|Any CPU
		{F8B46C2B-6DFA-42AB-8860-96A6457BF85E}.Release|Any CPU.Build.0 = Release|Any CPU
		{C5AFC941-732D-4968-8490-A56F31CFA500}.Debug|Any CPU.ActiveCfg = Debug|Any CPU
		{C5AFC941-732D-4968-8490-A56F31CFA500}.Debug|Any CPU.Build.0 = Debug|Any CPU
		{C5AFC941-732D-4968-8490-A56F31CFA500}.Release|Any CPU.ActiveCfg = Release|Any CPU
		{C5AFC941-732D-4968-8490-A56F31CFA500}.Release|Any CPU.Build.0 = Release|Any CPU
		{6240810B-FBB6-48C6-984E-A2D5AB1FE967}.Debug|Any CPU.ActiveCfg = Debug|Any CPU
		{6240810B-FBB6-48C6-984E-A2D5AB1FE967}.Debug|Any CPU.Build.0 = Debug|Any CPU
		{6240810B-FBB6-48C6-984E-A2D5AB1FE967}.Release|Any CPU.ActiveCfg = Release|Any CPU
		{6240810B-FBB6-48C6-984E-A2D5AB1FE967}.Release|Any CPU.Build.0 = Release|Any CPU
		{87CDEBCF-B622-41E0-8F8E-2ACCBE84C960}.Debug|Any CPU.ActiveCfg = Debug|Any CPU
		{87CDEBCF-B622-41E0-8F8E-2ACCBE84C960}.Debug|Any CPU.Build.0 = Debug|Any CPU
		{87CDEBCF-B622-41E0-8F8E-2ACCBE84C960}.Release|Any CPU.ActiveCfg = Release|Any CPU
		{87CDEBCF-B622-41E0-8F8E-2ACCBE84C960}.Release|Any CPU.Build.0 = Release|Any CPU
	EndGlobalSection
	GlobalSection(SolutionProperties) = preSolution
		HideSolutionNode = FALSE
	EndGlobalSection
EndGlobal
